// !$*UTF8*$!
{ archiveVersion = 1; classes = {}; objectVersion = 56; objects = {
000000000000000000000001 = { isa = PBXProject; attributes = { LastUpgradeCheck = 1600; }; buildConfigurationList = 00000000000000000000000A; compatibilityVersion = "Xcode 14.0"; developmentRegion = ja; hasScannedForEncodings = 0; knownRegions = (ja, en, Base); mainGroup = 000000000000000000000002; productRefGroup = 000000000000000000000003; projectDirPath = ""; projectRoot = ""; targets = (000000000000000000000004); };
000000000000000000000002 = { isa = PBXGroup; children = (00000000000000000000001E,000000000000000000000005,000000000000000000000003,000000000000000000000064,000000000000000000000066,000000000000000000000068,00000000000000000000006A,00000000000000000000006C,00000000000000000000006E,000000000000000000000070,000000000000000000000072,000000000000000000000074,000000000000000000000076,000000000000000000000078,00000000000000000000007A,00000000000000000000007C,00000000000000000000007E,000000000000000000000080,000000000000000000000082); sourceTree = "<group>"; };
000000000000000000000003 = { isa = PBXGroup; children = (000000000000000000000006); name = Products; sourceTree = "<group>"; };
000000000000000000000004 = { isa = PBXNativeTarget; buildConfigurationList = 00000000000000000000000B; buildPhases = (000000000000000000000008,000000000000000000000009); buildRules = (); dependencies = (); name = KawaiiRace; productName = KawaiiRace; productReference = 000000000000000000000006; productType = "com.apple.product-type.application"; };
000000000000000000000005 = { isa = PBXFileReference; lastKnownFileType = sourcecode.swift; path = App/KawaiiRaceApp.swift; sourceTree = "<group>"; };
000000000000000000000006 = { isa = PBXFileReference; explicitFileType = wrapper.application; includeInIndex = 0; path = KawaiiRace.app; sourceTree = BUILT_PRODUCTS_DIR; };
000000000000000000000007 = { isa = PBXBuildFile; fileRef = 000000000000000000000005; };
000000000000000000000008 = { isa = PBXSourcesBuildPhase; buildActionMask = 2147483647; files = (000000000000000000000007,000000000000000000000065,000000000000000000000067,000000000000000000000069,00000000000000000000006B,00000000000000000000006D,00000000000000000000006F,000000000000000000000071,000000000000000000000073,000000000000000000000075,000000000000000000000077,000000000000000000000079,00000000000000000000007B,00000000000000000000007D,00000000000000000000007F,000000000000000000000081,000000000000000000000083); runOnlyForDeploymentPostprocessing = 0; };
000000000000000000000009 = { isa = PBXResourcesBuildPhase; buildActionMask = 2147483647; files = (00000000000000000000001F); runOnlyForDeploymentPostprocessing = 0; };
00000000000000000000000A = { isa = XCConfigurationList; buildConfigurations = (00000000000000000000000C,00000000000000000000000D); defaultConfigurationIsVisible = 0; defaultConfigurationName = Release; };
00000000000000000000000B = { isa = XCConfigurationList; buildConfigurations = (00000000000000000000000E,00000000000000000000000F); defaultConfigurationIsVisible = 0; defaultConfigurationName = Release; };
00000000000000000000000C = { isa = XCBuildConfiguration; buildSettings = { SDKROOT = iphoneos; IPHONEOS_DEPLOYMENT_TARGET = 17.0; CLANG_ENABLE_MODULES = YES; SWIFT_VERSION = 5.0; }; name = Debug; };
00000000000000000000000D = { isa = XCBuildConfiguration; buildSettings = { SDKROOT = iphoneos; IPHONEOS_DEPLOYMENT_TARGET = 17.0; CLANG_ENABLE_MODULES = YES; SWIFT_VERSION = 5.0; }; name = Release; };
00000000000000000000000E = { isa = XCBuildConfiguration; buildSettings = { PRODUCT_BUNDLE_IDENTIFIER = com.inari.KawaiiRace; PRODUCT_NAME = "$(TARGET_NAME)"; GENERATE_INFOPLIST_FILE = YES; INFOPLIST_KEY_CFBundleDisplayName = "さくら競馬"; INFOPLIST_KEY_UILaunchScreen_Generation = YES; INFOPLIST_KEY_UIApplicationSceneManifest_Generation = YES; INFOPLIST_KEY_UISupportedInterfaceOrientations = UIInterfaceOrientationPortrait; TARGETED_DEVICE_FAMILY = 1; MARKETING_VERSION = 0.1.0; CURRENT_PROJECT_VERSION = 1; SWIFT_VERSION = 5.0; CODE_SIGN_STYLE = Automatic; SWIFT_OPTIMIZATION_LEVEL = "-Onone"; SWIFT_ACTIVE_COMPILATION_CONDITIONS = "DEBUG $(inherited)"; ENABLE_TESTABILITY = YES; }; name = Debug; };
00000000000000000000000F = { isa = XCBuildConfiguration; buildSettings = { PRODUCT_BUNDLE_IDENTIFIER = com.inari.KawaiiRace; PRODUCT_NAME = "$(TARGET_NAME)"; GENERATE_INFOPLIST_FILE = YES; INFOPLIST_KEY_CFBundleDisplayName = "さくら競馬"; INFOPLIST_KEY_UILaunchScreen_Generation = YES; INFOPLIST_KEY_UIApplicationSceneManifest_Generation = YES; INFOPLIST_KEY_UISupportedInterfaceOrientations = UIInterfaceOrientationPortrait; TARGETED_DEVICE_FAMILY = 1; MARKETING_VERSION = 0.1.0; CURRENT_PROJECT_VERSION = 1; SWIFT_VERSION = 5.0; CODE_SIGN_STYLE = Automatic; SWIFT_OPTIMIZATION_LEVEL = "-O"; SWIFT_COMPILATION_MODE = wholemodule; }; name = Release; };
00000000000000000000001E = { isa = PBXFileReference; lastKnownFileType = folder.assetcatalog; path = Assets.xcassets; sourceTree = "<group>"; };
00000000000000000000001F = { isa = PBXBuildFile; fileRef = 00000000000000000000001E; };
/* AUTO SOURCES START */
000000000000000000000064 = { isa = PBXFileReference; lastKnownFileType = sourcecode.swift; path = "Components/AnimatedHorseView.swift"; sourceTree = "<group>"; };
000000000000000000000065 = { isa = PBXBuildFile; fileRef = 000000000000000000000064; };
000000000000000000000066 = { isa = PBXFileReference; lastKnownFileType = sourcecode.swift; path = "Components/HorseAvatarView.swift"; sourceTree = "<group>"; };
000000000000000000000067 = { isa = PBXBuildFile; fileRef = 000000000000000000000066; };
000000000000000000000068 = { isa = PBXFileReference; lastKnownFileType = sourcecode.metal; path = "Components/HorseMotion.metal"; sourceTree = "<group>"; };
000000000000000000000069 = { isa = PBXBuildFile; fileRef = 000000000000000000000068; };
00000000000000000000006A = { isa = PBXFileReference; lastKnownFileType = sourcecode.swift; path = "Components/Theme.swift"; sourceTree = "<group>"; };
00000000000000000000006B = { isa = PBXBuildFile; fileRef = 00000000000000000000006A; };
00000000000000000000006C = { isa = PBXFileReference; lastKnownFileType = sourcecode.swift; path = "Data/SampleRaceData.swift"; sourceTree = "<group>"; };
00000000000000000000006D = { isa = PBXBuildFile; fileRef = 00000000000000000000006C; };
00000000000000000000006E = { isa = PBXFileReference; lastKnownFileType = sourcecode.swift; path = "Models/Bet.swift"; sourceTree = "<group>"; };
00000000000000000000006F = { isa = PBXBuildFile; fileRef = 00000000000000000000006E; };
000000000000000000000070 = { isa = PBXFileReference; lastKnownFileType = sourcecode.swift; path = "Models/Horse.swift"; sourceTree = "<group>"; };
000000000000000000000071 = { isa = PBXBuildFile; fileRef = 000000000000000000000070; };
000000000000000000000072 = { isa = PBXFileReference; lastKnownFileType = sourcecode.swift; path = "Models/Jockey.swift"; sourceTree = "<group>"; };
000000000000000000000073 = { isa = PBXBuildFile; fileRef = 000000000000000000000072; };
000000000000000000000074 = { isa = PBXFileReference; lastKnownFileType = sourcecode.swift; path = "Models/Race.swift"; sourceTree = "<group>"; };
000000000000000000000075 = { isa = PBXBuildFile; fileRef = 000000000000000000000074; };
000000000000000000000076 = { isa = PBXFileReference; lastKnownFileType = sourcecode.swift; path = "Models/RaceResult.swift"; sourceTree = "<group>"; };
000000000000000000000077 = { isa = PBXBuildFile; fileRef = 000000000000000000000076; };
000000000000000000000078 = { isa = PBXFileReference; lastKnownFileType = sourcecode.swift; path = "Models/Tipster.swift"; sourceTree = "<group>"; };
000000000000000000000079 = { isa = PBXBuildFile; fileRef = 000000000000000000000078; };
00000000000000000000007A = { isa = PBXFileReference; lastKnownFileType = sourcecode.swift; path = "Views/HorseDetailView.swift"; sourceTree = "<group>"; };
00000000000000000000007B = { isa = PBXBuildFile; fileRef = 00000000000000000000007A; };
00000000000000000000007C = { isa = PBXFileReference; lastKnownFileType = sourcecode.swift; path = "Views/PaddockView.swift"; sourceTree = "<group>"; };
00000000000000000000007D = { isa = PBXBuildFile; fileRef = 00000000000000000000007C; };
00000000000000000000007E = { isa = PBXFileReference; lastKnownFileType = sourcecode.swift; path = "Views/RaceCardView.swift"; sourceTree = "<group>"; };
00000000000000000000007F = { isa = PBXBuildFile; fileRef = 00000000000000000000007E; };
000000000000000000000080 = { isa = PBXFileReference; lastKnownFileType = sourcecode.swift; path = "Views/RaceEntryRow.swift"; sourceTree = "<group>"; };
000000000000000000000081 = { isa = PBXBuildFile; fileRef = 000000000000000000000080; };
000000000000000000000082 = { isa = PBXFileReference; lastKnownFileType = sourcecode.swift; path = "Views/TipsterView.swift"; sourceTree = "<group>"; };
000000000000000000000083 = { isa = PBXBuildFile; fileRef = 000000000000000000000082; };
/* AUTO SOURCES END */
}; rootObject = 000000000000000000000001; }
